
Microsoft Visual Studio Solution File, Format Version 12.00
# Visual Studio 15
VisualStudioVersion = 15.0.28307.489
MinimumVisualStudioVersion = 10.0.40219.1
Project("{FAE04EC0-301F-11D3-BF4B-00C04F79EFBC}") = "Cadastros", "Cadastros\Cadastros.csproj", "{0710EF7E-1E9D-4B43-BC5C-60164D0352E7}"
EndProject
Global
	GlobalSection(SolutionConfigurationPlatforms) = preSolution
		Debug|Any CPU = Debug|Any CPU
		Release|Any CPU = Release|Any CPU
	EndGlobalSection
	GlobalSection(ProjectConfigurationPlatforms) = postSolution
		{0710EF7E-1E9D-4B43-BC5C-60164D0352E7}.Debug|Any CPU.ActiveCfg = Debug|Any CPU
		{0710EF7E-1E9D-4B43-BC5C-60164D0352E7}.Debug|Any CPU.Build.0 = Debug|Any CPU
		{0710EF7E-1E9D-4B43-BC5C-60164D0352E7}.Release|Any CPU.ActiveCfg = Release|Any CPU
		{0710EF7E-1E9D-4B43-BC5C-60164D0352E7}.Release|Any CPU.Build.0 = Release|Any CPU
	EndGlobalSection
	GlobalSection(SolutionProperties) = preSolution
		HideSolutionNode = FALSE
	EndGlobalSection
	GlobalSection(ExtensibilityGlobals) = postSolution
		SolutionGuid = {FB4C8D36-21C8-4356-AA48-D755BC508ECD}
	EndGlobalSection
EndGlobal
